
Microsoft Visual Studio Solution File, Format Version 12.00
# Visual Studio Version 17
VisualStudioVersion = 17.7.34031.279
MinimumVisualStudioVersion = 10.0.40219.1
Project("{2150E333-8FDC-42A3-9474-1A3956D46DE8}") = "Template", "Template", "{03886E30-A02C-41F0-99B2-D2F9D45C27FA}"
EndProject
Project("{2150E333-8FDC-42A3-9474-1A3956D46DE8}") = "src", "src", "{5F09FD69-30D7-4D07-9A3E-3C480BF8A6E2}"
EndProject
Project("{2150E333-8FDC-42A3-9474-1A3956D46DE8}") = "Apigateway", "Apigateway", "{D3DD1796-20CE-43C9-9CD5-E3741D307C67}"
EndProject
Project("{2150E333-8FDC-42A3-9474-1A3956D46DE8}") = "Services", "Services", "{6906A141-313B-415A-9289-D1F6E548F0E2}"
EndProject
Project("{2150E333-8FDC-42A3-9474-1A3956D46DE8}") = "Core", "Core", "{5EEB2FCD-FF1F-4AAB-8839-42842592DE14}"
EndProject
Project("{2150E333-8FDC-42A3-9474-1A3956D46DE8}") = "Web", "Web", "{4F792DBF-4D0F-404B-8190-80E8773E27E8}"
EndProject
Project("{2150E333-8FDC-42A3-9474-1A3956D46DE8}") = "Migrations", "Migrations", "{075BF00A-BCFE-4AC7-ADE7-1939AD7152C8}"
EndProject
Project("{2150E333-8FDC-42A3-9474-1A3956D46DE8}") = "core", "core", "{D2AD7BCA-3326-4E68-897D-43D695F599B3}"
EndProject
Project("{2150E333-8FDC-42A3-9474-1A3956D46DE8}") = "migrations", "migrations", "{697D335D-35CB-49DB-88E2-BD3B38CE75DD}"
EndProject
Project("{2150E333-8FDC-42A3-9474-1A3956D46DE8}") = "service", "service", "{629E074C-F099-4A01-8B9B-B0F44E2081D7}"
EndProject
Project("{9A19103F-16F7-4668-BE54-9A1E7A4F7556}") = "TemplateDapr.Core.Common", "Template\core\TemplateDapr.Core.Common\TemplateDapr.Core.Common.csproj", "{97E97DBE-C8B9-4BA1-B1C7-47D8E2BD84D0}"
EndProject
Project("{9A19103F-16F7-4668-BE54-9A1E7A4F7556}") = "TemplateDapr.Core.Infrastructure", "Template\core\TemplateDapr.Core.Infrastructure\TemplateDapr.Core.Infrastructure.csproj", "{21D5DAD7-89A6-4B79-AF62-BC8240CA0D4D}"
EndProject
Project("{9A19103F-16F7-4668-BE54-9A1E7A4F7556}") = "TemplateDapr.Migration.App", "Template\migration\TemplateDapr.Migration.App\TemplateDapr.Migration.App.csproj", "{8574BFC4-D10F-4FBE-AF4D-540CB0E31858}"
EndProject
Project("{2150E333-8FDC-42A3-9474-1A3956D46DE8}") = "api", "api", "{90FCBFF0-DE8A-44EF-8DB9-A7DEDBFA85CA}"
EndProject
Project("{2150E333-8FDC-42A3-9474-1A3956D46DE8}") = "dapr", "dapr", "{7DBF0613-572C-4051-88AB-0428915497B5}"
EndProject
Project("{2150E333-8FDC-42A3-9474-1A3956D46DE8}") = "components", "components", "{D54C8A12-74E2-4AD5-89E0-6BBBF438786F}"
EndProject
Project("{2150E333-8FDC-42A3-9474-1A3956D46DE8}") = "dc-config", "dc-config", "{8C4F8D4A-2840-4C15-BF6D-8EBEE9ACAD0F}"
EndProject
Project("{9A19103F-16F7-4668-BE54-9A1E7A4F7556}") = "TemplateDapr.API", "Template\api\TemplateDapr.API\TemplateDapr.API.csproj", "{77AA89EE-955B-46DC-89D2-B94BBFA8DF1C}"
EndProject
Project("{9A19103F-16F7-4668-BE54-9A1E7A4F7556}") = "TemplateDapr.Core.Event", "Template\core\TemplateDapr.Core.Event\TemplateDapr.Core.Event.csproj", "{A4C6B55E-2B3C-4E96-82F9-3EB55E4C2F6D}"
EndProject
Project("{9A19103F-16F7-4668-BE54-9A1E7A4F7556}") = "TemplateDapr.Service", "Template\TemplateDapr\TemplateDapr.Service\TemplateDapr.Service.csproj", "{CD04BA50-C8DA-4B40-9BC2-7212DCC07118}"
EndProject
Project("{9A19103F-16F7-4668-BE54-9A1E7A4F7556}") = "TemplateDapr.Infrastructure", "Template\TemplateDapr\TemplateDapr.Infrastructure\TemplateDapr.Infrastructure.csproj", "{370CC052-5E96-4EF0-BFE7-ED6FD0576FAF}"
EndProject
Project("{9A19103F-16F7-4668-BE54-9A1E7A4F7556}") = "TemplateDapr.Domain", "Template\TemplateDapr\TemplateDapr.Domain\TemplateDapr.Domain.csproj", "{C51AE33B-F750-41AE-AE52-7C6DE2181912}"
EndProject
Project("{9A19103F-16F7-4668-BE54-9A1E7A4F7556}") = "TemplateDapr.Application", "Template\TemplateDapr\TemplateDapr.Application\TemplateDapr.Application.csproj", "{D0D6C93B-7742-4EA0-B093-319E95DB2221}"
EndProject
Project("{2150E333-8FDC-42A3-9474-1A3956D46DE8}") = "apigateway", "apigateway", "{5956F868-8513-4B92-BC22-E0763744B5EE}"
EndProject
Project("{2150E333-8FDC-42A3-9474-1A3956D46DE8}") = "identity", "identity", "{F85AA911-5D27-4665-8DB7-D698B2D7A79B}"
EndProject
Global
	GlobalSection(SolutionConfigurationPlatforms) = preSolution
		Debug|Any CPU = Debug|Any CPU
		Release|Any CPU = Release|Any CPU
	EndGlobalSection
	GlobalSection(ProjectConfigurationPlatforms) = postSolution
		{97E97DBE-C8B9-4BA1-B1C7-47D8E2BD84D0}.Debug|Any CPU.ActiveCfg = Debug|Any CPU
		{97E97DBE-C8B9-4BA1-B1C7-47D8E2BD84D0}.Debug|Any CPU.Build.0 = Debug|Any CPU
		{97E97DBE-C8B9-4BA1-B1C7-47D8E2BD84D0}.Release|Any CPU.ActiveCfg = Release|Any CPU
		{97E97DBE-C8B9-4BA1-B1C7-47D8E2BD84D0}.Release|Any CPU.Build.0 = Release|Any CPU
		{21D5DAD7-89A6-4B79-AF62-BC8240CA0D4D}.Debug|Any CPU.ActiveCfg = Debug|Any CPU
		{21D5DAD7-89A6-4B79-AF62-BC8240CA0D4D}.Debug|Any CPU.Build.0 = Debug|Any CPU
		{21D5DAD7-89A6-4B79-AF62-BC8240CA0D4D}.Release|Any CPU.ActiveCfg = Release|Any CPU
		{21D5DAD7-89A6-4B79-AF62-BC8240CA0D4D}.Release|Any CPU.Build.0 = Release|Any CPU
		{8574BFC4-D10F-4FBE-AF4D-540CB0E31858}.Debug|Any CPU.ActiveCfg = Debug|Any CPU
		{8574BFC4-D10F-4FBE-AF4D-540CB0E31858}.Debug|Any CPU.Build.0 = Debug|Any CPU
		{8574BFC4-D10F-4FBE-AF4D-540CB0E31858}.Release|Any CPU.ActiveCfg = Release|Any CPU
		{8574BFC4-D10F-4FBE-AF4D-540CB0E31858}.Release|Any CPU.Build.0 = Release|Any CPU
		{77AA89EE-955B-46DC-89D2-B94BBFA8DF1C}.Debug|Any CPU.ActiveCfg = Debug|Any CPU
		{77AA89EE-955B-46DC-89D2-B94BBFA8DF1C}.Debug|Any CPU.Build.0 = Debug|Any CPU
		{77AA89EE-955B-46DC-89D2-B94BBFA8DF1C}.Release|Any CPU.ActiveCfg = Release|Any CPU
		{77AA89EE-955B-46DC-89D2-B94BBFA8DF1C}.Release|Any CPU.Build.0 = Release|Any CPU
		{A4C6B55E-2B3C-4E96-82F9-3EB55E4C2F6D}.Debug|Any CPU.ActiveCfg = Debug|Any CPU
		{A4C6B55E-2B3C-4E96-82F9-3EB55E4C2F6D}.Debug|Any CPU.Build.0 = Debug|Any CPU
		{A4C6B55E-2B3C-4E96-82F9-3EB55E4C2F6D}.Release|Any CPU.ActiveCfg = Release|Any CPU
		{A4C6B55E-2B3C-4E96-82F9-3EB55E4C2F6D}.Release|Any CPU.Build.0 = Release|Any CPU
		{CD04BA50-C8DA-4B40-9BC2-7212DCC07118}.Debug|Any CPU.ActiveCfg = Debug|Any CPU
		{CD04BA50-C8DA-4B40-9BC2-7212DCC07118}.Debug|Any CPU.Build.0 = Debug|Any CPU
		{CD04BA50-C8DA-4B40-9BC2-7212DCC07118}.Release|Any CPU.ActiveCfg = Release|Any CPU
		{CD04BA50-C8DA-4B40-9BC2-7212DCC07118}.Release|Any CPU.Build.0 = Release|Any CPU
		{370CC052-5E96-4EF0-BFE7-ED6FD0576FAF}.Debug|Any CPU.ActiveCfg = Debug|Any CPU
		{370CC052-5E96-4EF0-BFE7-ED6FD0576FAF}.Debug|Any CPU.Build.0 = Debug|Any CPU
		{370CC052-5E96-4EF0-BFE7-ED6FD0576FAF}.Release|Any CPU.ActiveCfg = Release|Any CPU
		{370CC052-5E96-4EF0-BFE7-ED6FD0576FAF}.Release|Any CPU.Build.0 = Release|Any CPU
		{C51AE33B-F750-41AE-AE52-7C6DE2181912}.Debug|Any CPU.ActiveCfg = Debug|Any CPU
		{C51AE33B-F750-41AE-AE52-7C6DE2181912}.Debug|Any CPU.Build.0 = Debug|Any CPU
		{C51AE33B-F750-41AE-AE52-7C6DE2181912}.Release|Any CPU.ActiveCfg = Release|Any CPU
		{C51AE33B-F750-41AE-AE52-7C6DE2181912}.Release|Any CPU.Build.0 = Release|Any CPU
		{D0D6C93B-7742-4EA0-B093-319E95DB2221}.Debug|Any CPU.ActiveCfg = Debug|Any CPU
		{D0D6C93B-7742-4EA0-B093-319E95DB2221}.Debug|Any CPU.Build.0 = Debug|Any CPU
		{D0D6C93B-7742-4EA0-B093-319E95DB2221}.Release|Any CPU.ActiveCfg = Release|Any CPU
		{D0D6C93B-7742-4EA0-B093-319E95DB2221}.Release|Any CPU.Build.0 = Release|Any CPU
	EndGlobalSection
	GlobalSection(SolutionProperties) = preSolution
		HideSolutionNode = FALSE
	EndGlobalSection
	GlobalSection(NestedProjects) = preSolution
		{D3DD1796-20CE-43C9-9CD5-E3741D307C67} = {5F09FD69-30D7-4D07-9A3E-3C480BF8A6E2}
		{6906A141-313B-415A-9289-D1F6E548F0E2} = {5F09FD69-30D7-4D07-9A3E-3C480BF8A6E2}
		{5EEB2FCD-FF1F-4AAB-8839-42842592DE14} = {5F09FD69-30D7-4D07-9A3E-3C480BF8A6E2}
		{4F792DBF-4D0F-404B-8190-80E8773E27E8} = {5F09FD69-30D7-4D07-9A3E-3C480BF8A6E2}
		{075BF00A-BCFE-4AC7-ADE7-1939AD7152C8} = {5F09FD69-30D7-4D07-9A3E-3C480BF8A6E2}
		{D2AD7BCA-3326-4E68-897D-43D695F599B3} = {03886E30-A02C-41F0-99B2-D2F9D45C27FA}
		{697D335D-35CB-49DB-88E2-BD3B38CE75DD} = {03886E30-A02C-41F0-99B2-D2F9D45C27FA}
		{629E074C-F099-4A01-8B9B-B0F44E2081D7} = {03886E30-A02C-41F0-99B2-D2F9D45C27FA}
		{97E97DBE-C8B9-4BA1-B1C7-47D8E2BD84D0} = {D2AD7BCA-3326-4E68-897D-43D695F599B3}
		{21D5DAD7-89A6-4B79-AF62-BC8240CA0D4D} = {D2AD7BCA-3326-4E68-897D-43D695F599B3}
		{8574BFC4-D10F-4FBE-AF4D-540CB0E31858} = {697D335D-35CB-49DB-88E2-BD3B38CE75DD}
		{90FCBFF0-DE8A-44EF-8DB9-A7DEDBFA85CA} = {03886E30-A02C-41F0-99B2-D2F9D45C27FA}
		{7DBF0613-572C-4051-88AB-0428915497B5} = {629E074C-F099-4A01-8B9B-B0F44E2081D7}
		{D54C8A12-74E2-4AD5-89E0-6BBBF438786F} = {7DBF0613-572C-4051-88AB-0428915497B5}
		{8C4F8D4A-2840-4C15-BF6D-8EBEE9ACAD0F} = {7DBF0613-572C-4051-88AB-0428915497B5}
		{77AA89EE-955B-46DC-89D2-B94BBFA8DF1C} = {90FCBFF0-DE8A-44EF-8DB9-A7DEDBFA85CA}
		{A4C6B55E-2B3C-4E96-82F9-3EB55E4C2F6D} = {D2AD7BCA-3326-4E68-897D-43D695F599B3}
		{CD04BA50-C8DA-4B40-9BC2-7212DCC07118} = {629E074C-F099-4A01-8B9B-B0F44E2081D7}
		{370CC052-5E96-4EF0-BFE7-ED6FD0576FAF} = {629E074C-F099-4A01-8B9B-B0F44E2081D7}
		{C51AE33B-F750-41AE-AE52-7C6DE2181912} = {629E074C-F099-4A01-8B9B-B0F44E2081D7}
		{D0D6C93B-7742-4EA0-B093-319E95DB2221} = {629E074C-F099-4A01-8B9B-B0F44E2081D7}
		{5956F868-8513-4B92-BC22-E0763744B5EE} = {03886E30-A02C-41F0-99B2-D2F9D45C27FA}
		{F85AA911-5D27-4665-8DB7-D698B2D7A79B} = {03886E30-A02C-41F0-99B2-D2F9D45C27FA}
	EndGlobalSection
	GlobalSection(ExtensibilityGlobals) = postSolution
		SolutionGuid = {D03AD894-6123-4825-A90D-0A13884ED4DB}
	EndGlobalSection
EndGlobal
