
Microsoft Visual Studio Solution File, Format Version 12.00
# Visual Studio Version 17
VisualStudioVersion = 17.7.34031.279
MinimumVisualStudioVersion = 10.0.40219.1
Project("{2150E333-8FDC-42A3-9474-1A3956D46DE8}") = "Template", "Template", "{03886E30-A02C-41F0-99B2-D2F9D45C27FA}"
EndProject
Project("{FAE04EC0-301F-11D3-BF4B-00C04F79EFBC}") = "TemplateDapr.Service", "Template\TemplateDapr.Service\TemplateDapr.Service.csproj", "{D7FAC79B-93D8-4844-9C9C-2EE588BC9563}"
EndProject
Project("{FAE04EC0-301F-11D3-BF4B-00C04F79EFBC}") = "TemplateDapr.Application", "Template\TemplateDapr.Application\TemplateDapr.Application.csproj", "{42768688-169F-46FF-B177-07F817FAF004}"
EndProject
Project("{FAE04EC0-301F-11D3-BF4B-00C04F79EFBC}") = "TemplateDapr.Domain", "Template\TemplateDapr.Domain\TemplateDapr.Domain.csproj", "{7E473E00-0C89-485B-84D0-536633FDA773}"
EndProject
Project("{FAE04EC0-301F-11D3-BF4B-00C04F79EFBC}") = "TemplateDapr.Infrastructure", "Template\TemplateDapr.Infrastructure\TemplateDapr.Infrastructure.csproj", "{BDE6144F-6B93-42DA-8C30-15F06B056A2D}"
EndProject
Project("{2150E333-8FDC-42A3-9474-1A3956D46DE8}") = "src", "src", "{5F09FD69-30D7-4D07-9A3E-3C480BF8A6E2}"
EndProject
Project("{2150E333-8FDC-42A3-9474-1A3956D46DE8}") = "Apigateway", "Apigateway", "{D3DD1796-20CE-43C9-9CD5-E3741D307C67}"
EndProject
Project("{2150E333-8FDC-42A3-9474-1A3956D46DE8}") = "Services", "Services", "{6906A141-313B-415A-9289-D1F6E548F0E2}"
EndProject
Project("{2150E333-8FDC-42A3-9474-1A3956D46DE8}") = "Core", "Core", "{5EEB2FCD-FF1F-4AAB-8839-42842592DE14}"
EndProject
Project("{2150E333-8FDC-42A3-9474-1A3956D46DE8}") = "Web", "Web", "{4F792DBF-4D0F-404B-8190-80E8773E27E8}"
EndProject
Project("{2150E333-8FDC-42A3-9474-1A3956D46DE8}") = "Migrations", "Migrations", "{075BF00A-BCFE-4AC7-ADE7-1939AD7152C8}"
EndProject
Project("{FAE04EC0-301F-11D3-BF4B-00C04F79EFBC}") = "TemplateDapr.Core.Event", "Template\TemplateDapr.Core.Event\TemplateDapr.Core.Event.csproj", "{62B7F459-D35E-475F-B718-2BA3035E7D2A}"
EndProject
Project("{2150E333-8FDC-42A3-9474-1A3956D46DE8}") = "core", "core", "{D2AD7BCA-3326-4E68-897D-43D695F599B3}"
EndProject
Project("{2150E333-8FDC-42A3-9474-1A3956D46DE8}") = "migrations", "migrations", "{697D335D-35CB-49DB-88E2-BD3B38CE75DD}"
EndProject
Project("{2150E333-8FDC-42A3-9474-1A3956D46DE8}") = "service", "service", "{629E074C-F099-4A01-8B9B-B0F44E2081D7}"
EndProject
Project("{FAE04EC0-301F-11D3-BF4B-00C04F79EFBC}") = "TemplateDapr.Core.Common", "Template\core\TemplateDapr.Core.Common\TemplateDapr.Core.Common.csproj", "{97E97DBE-C8B9-4BA1-B1C7-47D8E2BD84D0}"
EndProject
Project("{FAE04EC0-301F-11D3-BF4B-00C04F79EFBC}") = "TemplateDapr.Core.Infrastructure", "Template\core\TemplateDapr.Core.Infrastructure\TemplateDapr.Core.Infrastructure.csproj", "{21D5DAD7-89A6-4B79-AF62-BC8240CA0D4D}"
EndProject
Project("{FAE04EC0-301F-11D3-BF4B-00C04F79EFBC}") = "TemplateDapr.Migration.App", "Template\migration\TemplateDapr.Migration.App\TemplateDapr.Migration.App.csproj", "{8574BFC4-D10F-4FBE-AF4D-540CB0E31858}"
EndProject
Global
	GlobalSection(SolutionConfigurationPlatforms) = preSolution
		Debug|Any CPU = Debug|Any CPU
		Release|Any CPU = Release|Any CPU
	EndGlobalSection
	GlobalSection(ProjectConfigurationPlatforms) = postSolution
		{D7FAC79B-93D8-4844-9C9C-2EE588BC9563}.Debug|Any CPU.ActiveCfg = Debug|Any CPU
		{D7FAC79B-93D8-4844-9C9C-2EE588BC9563}.Debug|Any CPU.Build.0 = Debug|Any CPU
		{D7FAC79B-93D8-4844-9C9C-2EE588BC9563}.Release|Any CPU.ActiveCfg = Release|Any CPU
		{D7FAC79B-93D8-4844-9C9C-2EE588BC9563}.Release|Any CPU.Build.0 = Release|Any CPU
		{42768688-169F-46FF-B177-07F817FAF004}.Debug|Any CPU.ActiveCfg = Debug|Any CPU
		{42768688-169F-46FF-B177-07F817FAF004}.Debug|Any CPU.Build.0 = Debug|Any CPU
		{42768688-169F-46FF-B177-07F817FAF004}.Release|Any CPU.ActiveCfg = Release|Any CPU
		{42768688-169F-46FF-B177-07F817FAF004}.Release|Any CPU.Build.0 = Release|Any CPU
		{7E473E00-0C89-485B-84D0-536633FDA773}.Debug|Any CPU.ActiveCfg = Debug|Any CPU
		{7E473E00-0C89-485B-84D0-536633FDA773}.Debug|Any CPU.Build.0 = Debug|Any CPU
		{7E473E00-0C89-485B-84D0-536633FDA773}.Release|Any CPU.ActiveCfg = Release|Any CPU
		{7E473E00-0C89-485B-84D0-536633FDA773}.Release|Any CPU.Build.0 = Release|Any CPU
		{BDE6144F-6B93-42DA-8C30-15F06B056A2D}.Debug|Any CPU.ActiveCfg = Debug|Any CPU
		{BDE6144F-6B93-42DA-8C30-15F06B056A2D}.Debug|Any CPU.Build.0 = Debug|Any CPU
		{BDE6144F-6B93-42DA-8C30-15F06B056A2D}.Release|Any CPU.ActiveCfg = Release|Any CPU
		{BDE6144F-6B93-42DA-8C30-15F06B056A2D}.Release|Any CPU.Build.0 = Release|Any CPU
		{62B7F459-D35E-475F-B718-2BA3035E7D2A}.Debug|Any CPU.ActiveCfg = Debug|Any CPU
		{62B7F459-D35E-475F-B718-2BA3035E7D2A}.Debug|Any CPU.Build.0 = Debug|Any CPU
		{62B7F459-D35E-475F-B718-2BA3035E7D2A}.Release|Any CPU.ActiveCfg = Release|Any CPU
		{62B7F459-D35E-475F-B718-2BA3035E7D2A}.Release|Any CPU.Build.0 = Release|Any CPU
		{97E97DBE-C8B9-4BA1-B1C7-47D8E2BD84D0}.Debug|Any CPU.ActiveCfg = Debug|Any CPU
		{97E97DBE-C8B9-4BA1-B1C7-47D8E2BD84D0}.Debug|Any CPU.Build.0 = Debug|Any CPU
		{97E97DBE-C8B9-4BA1-B1C7-47D8E2BD84D0}.Release|Any CPU.ActiveCfg = Release|Any CPU
		{97E97DBE-C8B9-4BA1-B1C7-47D8E2BD84D0}.Release|Any CPU.Build.0 = Release|Any CPU
		{21D5DAD7-89A6-4B79-AF62-BC8240CA0D4D}.Debug|Any CPU.ActiveCfg = Debug|Any CPU
		{21D5DAD7-89A6-4B79-AF62-BC8240CA0D4D}.Debug|Any CPU.Build.0 = Debug|Any CPU
		{21D5DAD7-89A6-4B79-AF62-BC8240CA0D4D}.Release|Any CPU.ActiveCfg = Release|Any CPU
		{21D5DAD7-89A6-4B79-AF62-BC8240CA0D4D}.Release|Any CPU.Build.0 = Release|Any CPU
		{8574BFC4-D10F-4FBE-AF4D-540CB0E31858}.Debug|Any CPU.ActiveCfg = Debug|Any CPU
		{8574BFC4-D10F-4FBE-AF4D-540CB0E31858}.Debug|Any CPU.Build.0 = Debug|Any CPU
		{8574BFC4-D10F-4FBE-AF4D-540CB0E31858}.Release|Any CPU.ActiveCfg = Release|Any CPU
		{8574BFC4-D10F-4FBE-AF4D-540CB0E31858}.Release|Any CPU.Build.0 = Release|Any CPU
	EndGlobalSection
	GlobalSection(SolutionProperties) = preSolution
		HideSolutionNode = FALSE
	EndGlobalSection
	GlobalSection(NestedProjects) = preSolution
		{D7FAC79B-93D8-4844-9C9C-2EE588BC9563} = {629E074C-F099-4A01-8B9B-B0F44E2081D7}
		{42768688-169F-46FF-B177-07F817FAF004} = {629E074C-F099-4A01-8B9B-B0F44E2081D7}
		{7E473E00-0C89-485B-84D0-536633FDA773} = {629E074C-F099-4A01-8B9B-B0F44E2081D7}
		{BDE6144F-6B93-42DA-8C30-15F06B056A2D} = {629E074C-F099-4A01-8B9B-B0F44E2081D7}
		{D3DD1796-20CE-43C9-9CD5-E3741D307C67} = {5F09FD69-30D7-4D07-9A3E-3C480BF8A6E2}
		{6906A141-313B-415A-9289-D1F6E548F0E2} = {5F09FD69-30D7-4D07-9A3E-3C480BF8A6E2}
		{5EEB2FCD-FF1F-4AAB-8839-42842592DE14} = {5F09FD69-30D7-4D07-9A3E-3C480BF8A6E2}
		{4F792DBF-4D0F-404B-8190-80E8773E27E8} = {5F09FD69-30D7-4D07-9A3E-3C480BF8A6E2}
		{075BF00A-BCFE-4AC7-ADE7-1939AD7152C8} = {5F09FD69-30D7-4D07-9A3E-3C480BF8A6E2}
		{62B7F459-D35E-475F-B718-2BA3035E7D2A} = {D2AD7BCA-3326-4E68-897D-43D695F599B3}
		{D2AD7BCA-3326-4E68-897D-43D695F599B3} = {03886E30-A02C-41F0-99B2-D2F9D45C27FA}
		{697D335D-35CB-49DB-88E2-BD3B38CE75DD} = {03886E30-A02C-41F0-99B2-D2F9D45C27FA}
		{629E074C-F099-4A01-8B9B-B0F44E2081D7} = {03886E30-A02C-41F0-99B2-D2F9D45C27FA}
		{97E97DBE-C8B9-4BA1-B1C7-47D8E2BD84D0} = {D2AD7BCA-3326-4E68-897D-43D695F599B3}
		{21D5DAD7-89A6-4B79-AF62-BC8240CA0D4D} = {D2AD7BCA-3326-4E68-897D-43D695F599B3}
		{8574BFC4-D10F-4FBE-AF4D-540CB0E31858} = {697D335D-35CB-49DB-88E2-BD3B38CE75DD}
	EndGlobalSection
	GlobalSection(ExtensibilityGlobals) = postSolution
		SolutionGuid = {D03AD894-6123-4825-A90D-0A13884ED4DB}
	EndGlobalSection
EndGlobal
